// !$*UTF8*$!
{
	archiveVersion = 1;
	classes = {
	};
	objectVersion = 46;
	objects = {

/* Begin PBXBuildFile section */
		650BBAC11F2F72DC007A8B49 /* MolibTests.swift in Sources */ = {isa = PBXBuildFile; fileRef = 650BBAC01F2F72DC007A8B49 /* MolibTests.swift */; };
		650BBBD71F2F81AA007A8B49 /* README.md in Sources */ = {isa = PBXBuildFile; fileRef = 650BBBD61F2F81AA007A8B49 /* README.md */; };
		650BBBD91F2F8353007A8B49 /* Molib.h in Headers */ = {isa = PBXBuildFile; fileRef = 650BBBD81F2F8333007A8B49 /* Molib.h */; settings = {ATTRIBUTES = (Public, ); }; };
/* End PBXBuildFile section */

/* Begin PBXFileReference section */
		650BBABB1F2F72DC007A8B49 /* MolibTests.xctest */ = {isa = PBXFileReference; explicitFileType = wrapper.cfbundle; includeInIndex = 0; path = MolibTests.xctest; sourceTree = BUILT_PRODUCTS_DIR; };
		650BBAC01F2F72DC007A8B49 /* MolibTests.swift */ = {isa = PBXFileReference; lastKnownFileType = sourcecode.swift; path = MolibTests.swift; sourceTree = "<group>"; };
		650BBAC21F2F72DC007A8B49 /* Info.plist */ = {isa = PBXFileReference; lastKnownFileType = text.plist.xml; path = Info.plist; sourceTree = "<group>"; };
		650BBACE1F2F73A2007A8B49 /* .gitkeep */ = {isa = PBXFileReference; fileEncoding = 4; lastKnownFileType = text; path = .gitkeep; sourceTree = "<group>"; };
		650BBAD21F2F73A2007A8B49 /* UIAlert+Helpers.swift */ = {isa = PBXFileReference; fileEncoding = 4; lastKnownFileType = sourcecode.swift; path = "UIAlert+Helpers.swift"; sourceTree = "<group>"; };
		650BBAD41F2F73A2007A8B49 /* UIView+Helpers.swift */ = {isa = PBXFileReference; fileEncoding = 4; lastKnownFileType = sourcecode.swift; path = "UIView+Helpers.swift"; sourceTree = "<group>"; };
		650BBAD51F2F73A2007A8B49 /* UIViewController+Helpers.swift */ = {isa = PBXFileReference; fileEncoding = 4; lastKnownFileType = sourcecode.swift; path = "UIViewController+Helpers.swift"; sourceTree = "<group>"; };
		650BBAD71F2F73A2007A8B49 /* NSManagedObject+Conversion.swift */ = {isa = PBXFileReference; fileEncoding = 4; lastKnownFileType = sourcecode.swift; path = "NSManagedObject+Conversion.swift"; sourceTree = "<group>"; };
		650BBAD81F2F73A2007A8B49 /* NSManagedObject+Fetch.swift */ = {isa = PBXFileReference; fileEncoding = 4; lastKnownFileType = sourcecode.swift; path = "NSManagedObject+Fetch.swift"; sourceTree = "<group>"; };
		650BBAD91F2F73A2007A8B49 /* NSManagedObject+Request.swift */ = {isa = PBXFileReference; fileEncoding = 4; lastKnownFileType = sourcecode.swift; path = "NSManagedObject+Request.swift"; sourceTree = "<group>"; };
		650BBADA1F2F73A2007A8B49 /* NSManagedObject+Setup.swift */ = {isa = PBXFileReference; fileEncoding = 4; lastKnownFileType = sourcecode.swift; path = "NSManagedObject+Setup.swift"; sourceTree = "<group>"; };
		650BBADB1F2F73A2007A8B49 /* NSManagedObjectContext+Helpers.swift */ = {isa = PBXFileReference; fileEncoding = 4; lastKnownFileType = sourcecode.swift; path = "NSManagedObjectContext+Helpers.swift"; sourceTree = "<group>"; };
		650BBADD1F2F73A2007A8B49 /* DataStore.swift */ = {isa = PBXFileReference; fileEncoding = 4; lastKnownFileType = sourcecode.swift; path = DataStore.swift; sourceTree = "<group>"; };
		650BBADE1F2F73A2007A8B49 /* FileManager.swift */ = {isa = PBXFileReference; fileEncoding = 4; lastKnownFileType = sourcecode.swift; path = FileManager.swift; sourceTree = "<group>"; };
		650BBAE01F2F73A2007A8B49 /* MODevice.swift */ = {isa = PBXFileReference; fileEncoding = 4; lastKnownFileType = sourcecode.swift; path = MODevice.swift; sourceTree = "<group>"; };
		650BBAE11F2F73A2007A8B49 /* MODeviceUtils.h */ = {isa = PBXFileReference; fileEncoding = 4; lastKnownFileType = sourcecode.c.h; path = MODeviceUtils.h; sourceTree = "<group>"; };
		650BBAE21F2F73A2007A8B49 /* MODeviceUtils.m */ = {isa = PBXFileReference; fileEncoding = 4; lastKnownFileType = sourcecode.c.objc; path = MODeviceUtils.m; sourceTree = "<group>"; };
		650BBAE41F2F73A2007A8B49 /* GeoLocation.swift */ = {isa = PBXFileReference; fileEncoding = 4; lastKnownFileType = sourcecode.swift; path = GeoLocation.swift; sourceTree = "<group>"; };
		650BBAE51F2F73A2007A8B49 /* LocationCoordinator.swift */ = {isa = PBXFileReference; fileEncoding = 4; lastKnownFileType = sourcecode.swift; path = LocationCoordinator.swift; sourceTree = "<group>"; };
		650BBAE61F2F73A2007A8B49 /* LocationManager.swift */ = {isa = PBXFileReference; fileEncoding = 4; lastKnownFileType = sourcecode.swift; path = LocationManager.swift; sourceTree = "<group>"; };
		650BBAE81F2F73A2007A8B49 /* Logger.swift */ = {isa = PBXFileReference; fileEncoding = 4; lastKnownFileType = sourcecode.swift; path = Logger.swift; sourceTree = "<group>"; };
		650BBAE91F2F73A2007A8B49 /* XCGLogger.swift */ = {isa = PBXFileReference; fileEncoding = 4; lastKnownFileType = sourcecode.swift; path = XCGLogger.swift; sourceTree = "<group>"; };
		650BBAEB1F2F73A2007A8B49 /* AlamoFireNetworkService.swift */ = {isa = PBXFileReference; fileEncoding = 4; lastKnownFileType = sourcecode.swift; path = AlamoFireNetworkService.swift; sourceTree = "<group>"; };
		650BBAEC1F2F73A2007A8B49 /* AuththenticatedNetworkService.swift */ = {isa = PBXFileReference; fileEncoding = 4; lastKnownFileType = sourcecode.swift; path = AuththenticatedNetworkService.swift; sourceTree = "<group>"; };
		650BBAED1F2F73A2007A8B49 /* ConnectionHelper.swift */ = {isa = PBXFileReference; fileEncoding = 4; lastKnownFileType = sourcecode.swift; path = ConnectionHelper.swift; sourceTree = "<group>"; };
		650BBAEF1F2F73A2007A8B49 /* Downloader.swift */ = {isa = PBXFileReference; fileEncoding = 4; lastKnownFileType = sourcecode.swift; path = Downloader.swift; sourceTree = "<group>"; };
		650BBAF01F2F73A2007A8B49 /* DownloadManager.swift */ = {isa = PBXFileReference; fileEncoding = 4; lastKnownFileType = sourcecode.swift; path = DownloadManager.swift; sourceTree = "<group>"; };
		650BBAF11F2F73A2007A8B49 /* DownloadModel.swift */ = {isa = PBXFileReference; fileEncoding = 4; lastKnownFileType = sourcecode.swift; path = DownloadModel.swift; sourceTree = "<group>"; };
		650BBAF21F2F73A2007A8B49 /* DownloadUtilities.swift */ = {isa = PBXFileReference; fileEncoding = 4; lastKnownFileType = sourcecode.swift; path = DownloadUtilities.swift; sourceTree = "<group>"; };
		650BBAF31F2F73A2007A8B49 /* MODownloadManagerDelegate.swift */ = {isa = PBXFileReference; fileEncoding = 4; lastKnownFileType = sourcecode.swift; path = MODownloadManagerDelegate.swift; sourceTree = "<group>"; };
		650BBAF41F2F73A2007A8B49 /* MODownloadModel.swift */ = {isa = PBXFileReference; fileEncoding = 4; lastKnownFileType = sourcecode.swift; path = MODownloadModel.swift; sourceTree = "<group>"; };
		650BBAF51F2F73A2007A8B49 /* HttpClient.swift */ = {isa = PBXFileReference; fileEncoding = 4; lastKnownFileType = sourcecode.swift; path = HttpClient.swift; sourceTree = "<group>"; };
		650BBAF61F2F73A2007A8B49 /* HttpClientProtocols.swift */ = {isa = PBXFileReference; fileEncoding = 4; lastKnownFileType = sourcecode.swift; path = HttpClientProtocols.swift; sourceTree = "<group>"; };
		650BBAF71F2F73A2007A8B49 /* ImageLoader.swift */ = {isa = PBXFileReference; fileEncoding = 4; lastKnownFileType = sourcecode.swift; path = ImageLoader.swift; sourceTree = "<group>"; };
		650BBAF81F2F73A2007A8B49 /* MockNetworkService.swift */ = {isa = PBXFileReference; fileEncoding = 4; lastKnownFileType = sourcecode.swift; path = MockNetworkService.swift; sourceTree = "<group>"; };
		650BBAF91F2F73A2007A8B49 /* NetworkTask.swift */ = {isa = PBXFileReference; fileEncoding = 4; lastKnownFileType = sourcecode.swift; path = NetworkTask.swift; sourceTree = "<group>"; };
		650BBAFA1F2F73A2007A8B49 /* NSURLRequest+Helpers.swift */ = {isa = PBXFileReference; fileEncoding = 4; lastKnownFileType = sourcecode.swift; path = "NSURLRequest+Helpers.swift"; sourceTree = "<group>"; };
		650BBAFB1F2F73A2007A8B49 /* SDWebImageService.swift */ = {isa = PBXFileReference; fileEncoding = 4; lastKnownFileType = sourcecode.swift; path = SDWebImageService.swift; sourceTree = "<group>"; };
		650BBAFD1F2F73A2007A8B49 /* CommonClosures.swift */ = {isa = PBXFileReference; fileEncoding = 4; lastKnownFileType = sourcecode.swift; path = CommonClosures.swift; sourceTree = "<group>"; };
		650BBAFE1F2F73A2007A8B49 /* NSData+AES256.h */ = {isa = PBXFileReference; fileEncoding = 4; lastKnownFileType = sourcecode.c.h; path = "NSData+AES256.h"; sourceTree = "<group>"; };
		650BBAFF1F2F73A2007A8B49 /* NSData+AES256.m */ = {isa = PBXFileReference; fileEncoding = 4; lastKnownFileType = sourcecode.c.objc; path = "NSData+AES256.m"; sourceTree = "<group>"; };
		650BBB001F2F73A2007A8B49 /* NSData+AES256.swift */ = {isa = PBXFileReference; fileEncoding = 4; lastKnownFileType = sourcecode.swift; path = "NSData+AES256.swift"; sourceTree = "<group>"; };
		650BBB011F2F73A2007A8B49 /* NSDate+Formatter.h */ = {isa = PBXFileReference; fileEncoding = 4; lastKnownFileType = sourcecode.c.h; path = "NSDate+Formatter.h"; sourceTree = "<group>"; };
		650BBB021F2F73A2007A8B49 /* NSDate+Formatter.m */ = {isa = PBXFileReference; fileEncoding = 4; lastKnownFileType = sourcecode.c.objc; path = "NSDate+Formatter.m"; sourceTree = "<group>"; };
		650BBB031F2F73A2007A8B49 /* NSUserDefaults+Secure.swift */ = {isa = PBXFileReference; fileEncoding = 4; lastKnownFileType = sourcecode.swift; path = "NSUserDefaults+Secure.swift"; sourceTree = "<group>"; };
		650BBB041F2F73A2007A8B49 /* NSUserDefaults+SecureProtocol.swift */ = {isa = PBXFileReference; fileEncoding = 4; lastKnownFileType = sourcecode.swift; path = "NSUserDefaults+SecureProtocol.swift"; sourceTree = "<group>"; };
		650BBB051F2F73A2007A8B49 /* TestHelpers.swift */ = {isa = PBXFileReference; fileEncoding = 4; lastKnownFileType = sourcecode.swift; path = TestHelpers.swift; sourceTree = "<group>"; };
		650BBB061F2F73A2007A8B49 /* TextEntryUtils.swift */ = {isa = PBXFileReference; fileEncoding = 4; lastKnownFileType = sourcecode.swift; path = TextEntryUtils.swift; sourceTree = "<group>"; };
		650BBB071F2F73A2007A8B49 /* UIImage+Helpers.swift */ = {isa = PBXFileReference; fileEncoding = 4; lastKnownFileType = sourcecode.swift; path = "UIImage+Helpers.swift"; sourceTree = "<group>"; };
		650BBB091F2F73A2007A8B49 /* DataSourceProvider.swift */ = {isa = PBXFileReference; fileEncoding = 4; lastKnownFileType = sourcecode.swift; path = DataSourceProvider.swift; sourceTree = "<group>"; };
		650BBB0A1F2F73A2007A8B49 /* MOCollectionViewCoordinator.swift */ = {isa = PBXFileReference; fileEncoding = 4; lastKnownFileType = sourcecode.swift; path = MOCollectionViewCoordinator.swift; sourceTree = "<group>"; };
		650BBB0B1F2F73A2007A8B49 /* MOHUDController.swift */ = {isa = PBXFileReference; fileEncoding = 4; lastKnownFileType = sourcecode.swift; path = MOHUDController.swift; sourceTree = "<group>"; };
		650BBB0C1F2F73A2007A8B49 /* MOTableViewCoordinator.swift */ = {isa = PBXFileReference; fileEncoding = 4; lastKnownFileType = sourcecode.swift; path = MOTableViewCoordinator.swift; sourceTree = "<group>"; };
		650BBB0D1F2F73A2007A8B49 /* MOWebViewController.swift */ = {isa = PBXFileReference; fileEncoding = 4; lastKnownFileType = sourcecode.swift; path = MOWebViewController.swift; sourceTree = "<group>"; };
		650BBB0E1F2F73A2007A8B49 /* MOWebViewController.xib */ = {isa = PBXFileReference; fileEncoding = 4; lastKnownFileType = file.xib; path = MOWebViewController.xib; sourceTree = "<group>"; };
		650BBB0F1F2F73A2007A8B49 /* ViewController+Helpers.swift */ = {isa = PBXFileReference; fileEncoding = 4; lastKnownFileType = sourcecode.swift; path = "ViewController+Helpers.swift"; sourceTree = "<group>"; };
		650BBB111F2F73A2007A8B49 /* Menu.swift */ = {isa = PBXFileReference; fileEncoding = 4; lastKnownFileType = sourcecode.swift; path = Menu.swift; sourceTree = "<group>"; };
		650BBB121F2F73A2007A8B49 /* MOHitTestContainerView.swift */ = {isa = PBXFileReference; fileEncoding = 4; lastKnownFileType = sourcecode.swift; path = MOHitTestContainerView.swift; sourceTree = "<group>"; };
		650BBB661F2F7614007A8B49 /* Info.plist */ = {isa = PBXFileReference; lastKnownFileType = text.plist; path = Info.plist; sourceTree = "<group>"; };
		650BBBC51F2F7AEA007A8B49 /* Molib.framework */ = {isa = PBXFileReference; explicitFileType = wrapper.framework; includeInIndex = 0; path = Molib.framework; sourceTree = BUILT_PRODUCTS_DIR; };
		650BBBD41F2F810D007A8B49 /* Package.swift */ = {isa = PBXFileReference; lastKnownFileType = sourcecode.swift; path = Package.swift; sourceTree = "<group>"; };
		650BBBD61F2F81AA007A8B49 /* README.md */ = {isa = PBXFileReference; fileEncoding = 4; lastKnownFileType = net.daringfireball.markdown; path = README.md; sourceTree = "<group>"; };
		650BBBD81F2F8333007A8B49 /* Molib.h */ = {isa = PBXFileReference; fileEncoding = 4; lastKnownFileType = sourcecode.c.h; path = Molib.h; sourceTree = "<group>"; };
/* End PBXFileReference section */

/* Begin PBXFrameworksBuildPhase section */
		650BBAB81F2F72DC007A8B49 /* Frameworks */ = {
			isa = PBXFrameworksBuildPhase;
			buildActionMask = 2147483647;
			files = (
			);
			runOnlyForDeploymentPostprocessing = 0;
		};
		650BBBC11F2F7AEA007A8B49 /* Frameworks */ = {
			isa = PBXFrameworksBuildPhase;
			buildActionMask = 2147483647;
			files = (
			);
			runOnlyForDeploymentPostprocessing = 0;
		};
/* End PBXFrameworksBuildPhase section */

/* Begin PBXGroup section */
		650BBAA81F2F72DC007A8B49 = {
			isa = PBXGroup;
			children = (
				650BBBD51F2F8139007A8B49 /* Documentation */,
				650BBBD31F2F80F3007A8B49 /* Deployment */,
				650BBACC1F2F73A2007A8B49 /* Molib */,
				650BBABF1F2F72DC007A8B49 /* MolibTests */,
				650BBAB31F2F72DC007A8B49 /* Products */,
			);
			sourceTree = "<group>";
		};
		650BBAB31F2F72DC007A8B49 /* Products */ = {
			isa = PBXGroup;
			children = (
				650BBABB1F2F72DC007A8B49 /* MolibTests.xctest */,
				650BBBC51F2F7AEA007A8B49 /* Molib.framework */,
			);
			name = Products;
			sourceTree = "<group>";
		};
		650BBABF1F2F72DC007A8B49 /* MolibTests */ = {
			isa = PBXGroup;
			children = (
				650BBAC01F2F72DC007A8B49 /* MolibTests.swift */,
				650BBAC21F2F72DC007A8B49 /* Info.plist */,
			);
			path = MolibTests;
			sourceTree = "<group>";
		};
		650BBACC1F2F73A2007A8B49 /* Molib */ = {
			isa = PBXGroup;
			children = (
				650BBBD81F2F8333007A8B49 /* Molib.h */,
				650BBB661F2F7614007A8B49 /* Info.plist */,
				650BBACD1F2F73A2007A8B49 /* Assets */,
				650BBACF1F2F73A2007A8B49 /* Classes */,
			);
			path = Molib;
			sourceTree = "<group>";
		};
		650BBACD1F2F73A2007A8B49 /* Assets */ = {
			isa = PBXGroup;
			children = (
				650BBACE1F2F73A2007A8B49 /* .gitkeep */,
			);
			path = Assets;
			sourceTree = "<group>";
		};
		650BBACF1F2F73A2007A8B49 /* Classes */ = {
			isa = PBXGroup;
			children = (
				650BBAD11F2F73A2007A8B49 /* Alert */,
				650BBAD31F2F73A2007A8B49 /* Categories */,
				650BBAD61F2F73A2007A8B49 /* CoreDataUtils */,
				650BBADC1F2F73A2007A8B49 /* DataStorage */,
				650BBADF1F2F73A2007A8B49 /* Device */,
				650BBAE31F2F73A2007A8B49 /* Location */,
				650BBAE71F2F73A2007A8B49 /* Logging */,
				650BBAEA1F2F73A2007A8B49 /* Networking */,
				650BBAFC1F2F73A2007A8B49 /* Utils */,
				650BBB081F2F73A2007A8B49 /* ViewControllers */,
				650BBB101F2F73A2007A8B49 /* Views */,
			);
			path = Classes;
			sourceTree = "<group>";
		};
		650BBAD11F2F73A2007A8B49 /* Alert */ = {
			isa = PBXGroup;
			children = (
				650BBAD21F2F73A2007A8B49 /* UIAlert+Helpers.swift */,
			);
			path = Alert;
			sourceTree = "<group>";
		};
		650BBAD31F2F73A2007A8B49 /* Categories */ = {
			isa = PBXGroup;
			children = (
				650BBAD41F2F73A2007A8B49 /* UIView+Helpers.swift */,
				650BBAD51F2F73A2007A8B49 /* UIViewController+Helpers.swift */,
			);
			path = Categories;
			sourceTree = "<group>";
		};
		650BBAD61F2F73A2007A8B49 /* CoreDataUtils */ = {
			isa = PBXGroup;
			children = (
				650BBAD71F2F73A2007A8B49 /* NSManagedObject+Conversion.swift */,
				650BBAD81F2F73A2007A8B49 /* NSManagedObject+Fetch.swift */,
				650BBAD91F2F73A2007A8B49 /* NSManagedObject+Request.swift */,
				650BBADA1F2F73A2007A8B49 /* NSManagedObject+Setup.swift */,
				650BBADB1F2F73A2007A8B49 /* NSManagedObjectContext+Helpers.swift */,
			);
			path = CoreDataUtils;
			sourceTree = "<group>";
		};
		650BBADC1F2F73A2007A8B49 /* DataStorage */ = {
			isa = PBXGroup;
			children = (
				650BBADD1F2F73A2007A8B49 /* DataStore.swift */,
				650BBADE1F2F73A2007A8B49 /* FileManager.swift */,
			);
			path = DataStorage;
			sourceTree = "<group>";
		};
		650BBADF1F2F73A2007A8B49 /* Device */ = {
			isa = PBXGroup;
			children = (
				650BBAE01F2F73A2007A8B49 /* MODevice.swift */,
				650BBAE11F2F73A2007A8B49 /* MODeviceUtils.h */,
				650BBAE21F2F73A2007A8B49 /* MODeviceUtils.m */,
			);
			path = Device;
			sourceTree = "<group>";
		};
		650BBAE31F2F73A2007A8B49 /* Location */ = {
			isa = PBXGroup;
			children = (
				650BBAE41F2F73A2007A8B49 /* GeoLocation.swift */,
				650BBAE51F2F73A2007A8B49 /* LocationCoordinator.swift */,
				650BBAE61F2F73A2007A8B49 /* LocationManager.swift */,
			);
			path = Location;
			sourceTree = "<group>";
		};
		650BBAE71F2F73A2007A8B49 /* Logging */ = {
			isa = PBXGroup;
			children = (
				650BBAE81F2F73A2007A8B49 /* Logger.swift */,
				650BBAE91F2F73A2007A8B49 /* XCGLogger.swift */,
			);
			path = Logging;
			sourceTree = "<group>";
		};
		650BBAEA1F2F73A2007A8B49 /* Networking */ = {
			isa = PBXGroup;
			children = (
				650BBAEB1F2F73A2007A8B49 /* AlamoFireNetworkService.swift */,
				650BBAEC1F2F73A2007A8B49 /* AuththenticatedNetworkService.swift */,
				650BBAED1F2F73A2007A8B49 /* ConnectionHelper.swift */,
				650BBAEE1F2F73A2007A8B49 /* DownloadManager */,
				650BBAF51F2F73A2007A8B49 /* HttpClient.swift */,
				650BBAF61F2F73A2007A8B49 /* HttpClientProtocols.swift */,
				650BBAF71F2F73A2007A8B49 /* ImageLoader.swift */,
				650BBAF81F2F73A2007A8B49 /* MockNetworkService.swift */,
				650BBAF91F2F73A2007A8B49 /* NetworkTask.swift */,
				650BBAFA1F2F73A2007A8B49 /* NSURLRequest+Helpers.swift */,
				650BBAFB1F2F73A2007A8B49 /* SDWebImageService.swift */,
			);
			path = Networking;
			sourceTree = "<group>";
		};
		650BBAEE1F2F73A2007A8B49 /* DownloadManager */ = {
			isa = PBXGroup;
			children = (
				650BBAEF1F2F73A2007A8B49 /* Downloader.swift */,
				650BBAF01F2F73A2007A8B49 /* DownloadManager.swift */,
				650BBAF11F2F73A2007A8B49 /* DownloadModel.swift */,
				650BBAF21F2F73A2007A8B49 /* DownloadUtilities.swift */,
				650BBAF31F2F73A2007A8B49 /* MODownloadManagerDelegate.swift */,
				650BBAF41F2F73A2007A8B49 /* MODownloadModel.swift */,
			);
			path = DownloadManager;
			sourceTree = "<group>";
		};
		650BBAFC1F2F73A2007A8B49 /* Utils */ = {
			isa = PBXGroup;
			children = (
				650BBAFD1F2F73A2007A8B49 /* CommonClosures.swift */,
				650BBAFE1F2F73A2007A8B49 /* NSData+AES256.h */,
				650BBAFF1F2F73A2007A8B49 /* NSData+AES256.m */,
				650BBB001F2F73A2007A8B49 /* NSData+AES256.swift */,
				650BBB011F2F73A2007A8B49 /* NSDate+Formatter.h */,
				650BBB021F2F73A2007A8B49 /* NSDate+Formatter.m */,
				650BBB031F2F73A2007A8B49 /* NSUserDefaults+Secure.swift */,
				650BBB041F2F73A2007A8B49 /* NSUserDefaults+SecureProtocol.swift */,
				650BBB051F2F73A2007A8B49 /* TestHelpers.swift */,
				650BBB061F2F73A2007A8B49 /* TextEntryUtils.swift */,
				650BBB071F2F73A2007A8B49 /* UIImage+Helpers.swift */,
			);
			path = Utils;
			sourceTree = "<group>";
		};
		650BBB081F2F73A2007A8B49 /* ViewControllers */ = {
			isa = PBXGroup;
			children = (
				650BBB091F2F73A2007A8B49 /* DataSourceProvider.swift */,
				650BBB0A1F2F73A2007A8B49 /* MOCollectionViewCoordinator.swift */,
				650BBB0B1F2F73A2007A8B49 /* MOHUDController.swift */,
				650BBB0C1F2F73A2007A8B49 /* MOTableViewCoordinator.swift */,
				650BBB0D1F2F73A2007A8B49 /* MOWebViewController.swift */,
				650BBB0E1F2F73A2007A8B49 /* MOWebViewController.xib */,
				650BBB0F1F2F73A2007A8B49 /* ViewController+Helpers.swift */,
			);
			path = ViewControllers;
			sourceTree = "<group>";
		};
		650BBB101F2F73A2007A8B49 /* Views */ = {
			isa = PBXGroup;
			children = (
				650BBB111F2F73A2007A8B49 /* Menu.swift */,
				650BBB121F2F73A2007A8B49 /* MOHitTestContainerView.swift */,
			);
			path = Views;
			sourceTree = "<group>";
		};
		650BBBD31F2F80F3007A8B49 /* Deployment */ = {
			isa = PBXGroup;
			children = (
				650BBBD41F2F810D007A8B49 /* Package.swift */,
			);
			name = Deployment;
			sourceTree = "<group>";
		};
		650BBBD51F2F8139007A8B49 /* Documentation */ = {
			isa = PBXGroup;
			children = (
				650BBBD61F2F81AA007A8B49 /* README.md */,
			);
			name = Documentation;
			sourceTree = "<group>";
		};
/* End PBXGroup section */

/* Begin PBXHeadersBuildPhase section */
		650BBBC21F2F7AEA007A8B49 /* Headers */ = {
			isa = PBXHeadersBuildPhase;
			buildActionMask = 2147483647;
			files = (
				650BBBD91F2F8353007A8B49 /* Molib.h in Headers */,
			);
			runOnlyForDeploymentPostprocessing = 0;
		};
/* End PBXHeadersBuildPhase section */

/* Begin PBXNativeTarget section */
		650BBABA1F2F72DC007A8B49 /* MolibTests */ = {
			isa = PBXNativeTarget;
			buildConfigurationList = 650BBAC91F2F72DC007A8B49 /* Build configuration list for PBXNativeTarget "MolibTests" */;
			buildPhases = (
				650BBAB71F2F72DC007A8B49 /* Sources */,
				650BBAB81F2F72DC007A8B49 /* Frameworks */,
				650BBAB91F2F72DC007A8B49 /* Resources */,
			);
			buildRules = (
			);
			dependencies = (
			);
			name = MolibTests;
			productName = MolibTests;
			productReference = 650BBABB1F2F72DC007A8B49 /* MolibTests.xctest */;
			productType = "com.apple.product-type.bundle.unit-test";
		};
		650BBBC41F2F7AEA007A8B49 /* Molib_iOS */ = {
			isa = PBXNativeTarget;
			buildConfigurationList = 650BBBCA1F2F7AEA007A8B49 /* Build configuration list for PBXNativeTarget "Molib_iOS" */;
			buildPhases = (
				650BBBC01F2F7AEA007A8B49 /* Sources */,
				650BBBC11F2F7AEA007A8B49 /* Frameworks */,
				650BBBC21F2F7AEA007A8B49 /* Headers */,
				650BBBC31F2F7AEA007A8B49 /* Resources */,
			);
			buildRules = (
			);
			dependencies = (
			);
			name = Molib_iOS;
			productName = Molib_iOS;
			productReference = 650BBBC51F2F7AEA007A8B49 /* Molib.framework */;
			productType = "com.apple.product-type.framework";
		};
/* End PBXNativeTarget section */

/* Begin PBXProject section */
		650BBAA91F2F72DC007A8B49 /* Project object */ = {
			isa = PBXProject;
			attributes = {
				LastSwiftUpdateCheck = 0830;
				LastUpgradeCheck = 0830;
				ORGANIZATIONNAME = iMobilize;
				TargetAttributes = {
					650BBABA1F2F72DC007A8B49 = {
						CreatedOnToolsVersion = 8.3.3;
						DevelopmentTeam = M4C4VT654R;
						ProvisioningStyle = Automatic;
					};
					650BBBC41F2F7AEA007A8B49 = {
						CreatedOnToolsVersion = 8.3.3;
						DevelopmentTeam = M4C4VT654R;
						ProvisioningStyle = Automatic;
					};
				};
			};
			buildConfigurationList = 650BBAAC1F2F72DC007A8B49 /* Build configuration list for PBXProject "Molib" */;
			compatibilityVersion = "Xcode 3.2";
			developmentRegion = English;
			hasScannedForEncodings = 0;
			knownRegions = (
				en,
				Base,
			);
			mainGroup = 650BBAA81F2F72DC007A8B49;
			productRefGroup = 650BBAB31F2F72DC007A8B49 /* Products */;
			projectDirPath = "";
			projectRoot = "";
			targets = (
				650BBABA1F2F72DC007A8B49 /* MolibTests */,
				650BBBC41F2F7AEA007A8B49 /* Molib_iOS */,
			);
		};
/* End PBXProject section */

/* Begin PBXResourcesBuildPhase section */
		650BBAB91F2F72DC007A8B49 /* Resources */ = {
			isa = PBXResourcesBuildPhase;
			buildActionMask = 2147483647;
			files = (
			);
			runOnlyForDeploymentPostprocessing = 0;
		};
		650BBBC31F2F7AEA007A8B49 /* Resources */ = {
			isa = PBXResourcesBuildPhase;
			buildActionMask = 2147483647;
			files = (
			);
			runOnlyForDeploymentPostprocessing = 0;
		};
/* End PBXResourcesBuildPhase section */

/* Begin PBXSourcesBuildPhase section */
		650BBAB71F2F72DC007A8B49 /* Sources */ = {
			isa = PBXSourcesBuildPhase;
			buildActionMask = 2147483647;
			files = (
				650BBBD71F2F81AA007A8B49 /* README.md in Sources */,
				650BBAC11F2F72DC007A8B49 /* MolibTests.swift in Sources */,
			);
			runOnlyForDeploymentPostprocessing = 0;
		};
		650BBBC01F2F7AEA007A8B49 /* Sources */ = {
			isa = PBXSourcesBuildPhase;
			buildActionMask = 2147483647;
			files = (
			);
			runOnlyForDeploymentPostprocessing = 0;
		};
/* End PBXSourcesBuildPhase section */

/* Begin XCBuildConfiguration section */
		650BBAC41F2F72DC007A8B49 /* Debug */ = {
			isa = XCBuildConfiguration;
			buildSettings = {
				ALWAYS_SEARCH_USER_PATHS = NO;
				CLANG_ANALYZER_NONNULL = YES;
				CLANG_ANALYZER_NUMBER_OBJECT_CONVERSION = YES_AGGRESSIVE;
				CLANG_CXX_LANGUAGE_STANDARD = "gnu++0x";
				CLANG_CXX_LIBRARY = "libc++";
				CLANG_ENABLE_MODULES = YES;
				CLANG_ENABLE_OBJC_ARC = YES;
				CLANG_WARN_BOOL_CONVERSION = YES;
				CLANG_WARN_CONSTANT_CONVERSION = YES;
				CLANG_WARN_DIRECT_OBJC_ISA_USAGE = YES_ERROR;
				CLANG_WARN_DOCUMENTATION_COMMENTS = YES;
				CLANG_WARN_EMPTY_BODY = YES;
				CLANG_WARN_ENUM_CONVERSION = YES;
				CLANG_WARN_INFINITE_RECURSION = YES;
				CLANG_WARN_INT_CONVERSION = YES;
				CLANG_WARN_OBJC_ROOT_CLASS = YES_ERROR;
				CLANG_WARN_SUSPICIOUS_MOVE = YES;
				CLANG_WARN_UNREACHABLE_CODE = YES;
				CLANG_WARN__DUPLICATE_METHOD_MATCH = YES;
				CODE_SIGN_IDENTITY = "-";
				COPY_PHASE_STRIP = NO;
				CURRENT_PROJECT_VERSION = 1;
				DEBUG_INFORMATION_FORMAT = dwarf;
				ENABLE_STRICT_OBJC_MSGSEND = YES;
				ENABLE_TESTABILITY = YES;
				GCC_C_LANGUAGE_STANDARD = gnu99;
				GCC_DYNAMIC_NO_PIC = NO;
				GCC_NO_COMMON_BLOCKS = YES;
				GCC_OPTIMIZATION_LEVEL = 0;
				GCC_PREPROCESSOR_DEFINITIONS = (
					"DEBUG=1",
					"$(inherited)",
				);
				GCC_WARN_64_TO_32_BIT_CONVERSION = YES;
				GCC_WARN_ABOUT_RETURN_TYPE = YES_ERROR;
				GCC_WARN_UNDECLARED_SELECTOR = YES;
				GCC_WARN_UNINITIALIZED_AUTOS = YES_AGGRESSIVE;
				GCC_WARN_UNUSED_FUNCTION = YES;
				GCC_WARN_UNUSED_VARIABLE = YES;
				MACOSX_DEPLOYMENT_TARGET = 10.12;
				MTL_ENABLE_DEBUG_INFO = YES;
				ONLY_ACTIVE_ARCH = YES;
				SDKROOT = macosx;
				SWIFT_ACTIVE_COMPILATION_CONDITIONS = DEBUG;
				SWIFT_OPTIMIZATION_LEVEL = "-Onone";
				VERSIONING_SYSTEM = "apple-generic";
				VERSION_INFO_PREFIX = "";
			};
			name = Debug;
		};
		650BBAC51F2F72DC007A8B49 /* Release */ = {
			isa = XCBuildConfiguration;
			buildSettings = {
				ALWAYS_SEARCH_USER_PATHS = NO;
				CLANG_ANALYZER_NONNULL = YES;
				CLANG_ANALYZER_NUMBER_OBJECT_CONVERSION = YES_AGGRESSIVE;
				CLANG_CXX_LANGUAGE_STANDARD = "gnu++0x";
				CLANG_CXX_LIBRARY = "libc++";
				CLANG_ENABLE_MODULES = YES;
				CLANG_ENABLE_OBJC_ARC = YES;
				CLANG_WARN_BOOL_CONVERSION = YES;
				CLANG_WARN_CONSTANT_CONVERSION = YES;
				CLANG_WARN_DIRECT_OBJC_ISA_USAGE = YES_ERROR;
				CLANG_WARN_DOCUMENTATION_COMMENTS = YES;
				CLANG_WARN_EMPTY_BODY = YES;
				CLANG_WARN_ENUM_CONVERSION = YES;
				CLANG_WARN_INFINITE_RECURSION = YES;
				CLANG_WARN_INT_CONVERSION = YES;
				CLANG_WARN_OBJC_ROOT_CLASS = YES_ERROR;
				CLANG_WARN_SUSPICIOUS_MOVE = YES;
				CLANG_WARN_UNREACHABLE_CODE = YES;
				CLANG_WARN__DUPLICATE_METHOD_MATCH = YES;
				CODE_SIGN_IDENTITY = "-";
				COPY_PHASE_STRIP = NO;
				CURRENT_PROJECT_VERSION = 1;
				DEBUG_INFORMATION_FORMAT = "dwarf-with-dsym";
				ENABLE_NS_ASSERTIONS = NO;
				ENABLE_STRICT_OBJC_MSGSEND = YES;
				GCC_C_LANGUAGE_STANDARD = gnu99;
				GCC_NO_COMMON_BLOCKS = YES;
				GCC_WARN_64_TO_32_BIT_CONVERSION = YES;
				GCC_WARN_ABOUT_RETURN_TYPE = YES_ERROR;
				GCC_WARN_UNDECLARED_SELECTOR = YES;
				GCC_WARN_UNINITIALIZED_AUTOS = YES_AGGRESSIVE;
				GCC_WARN_UNUSED_FUNCTION = YES;
				GCC_WARN_UNUSED_VARIABLE = YES;
				MACOSX_DEPLOYMENT_TARGET = 10.12;
				MTL_ENABLE_DEBUG_INFO = NO;
				SDKROOT = macosx;
				SWIFT_OPTIMIZATION_LEVEL = "-Owholemodule";
				VERSIONING_SYSTEM = "apple-generic";
				VERSION_INFO_PREFIX = "";
			};
			name = Release;
		};
		650BBACA1F2F72DC007A8B49 /* Debug */ = {
			isa = XCBuildConfiguration;
			buildSettings = {
				ALWAYS_EMBED_SWIFT_STANDARD_LIBRARIES = YES;
				COMBINE_HIDPI_IMAGES = YES;
				DEVELOPMENT_TEAM = M4C4VT654R;
				INFOPLIST_FILE = MolibTests/Info.plist;
				LD_RUNPATH_SEARCH_PATHS = "$(inherited) @executable_path/../Frameworks @loader_path/../Frameworks";
				PRODUCT_BUNDLE_IDENTIFIER = uk.co.imobilize.MolibTests;
				PRODUCT_NAME = "$(TARGET_NAME)";
				SWIFT_VERSION = 3.0;
			};
			name = Debug;
		};
		650BBACB1F2F72DC007A8B49 /* Release */ = {
			isa = XCBuildConfiguration;
			buildSettings = {
				ALWAYS_EMBED_SWIFT_STANDARD_LIBRARIES = YES;
				COMBINE_HIDPI_IMAGES = YES;
				DEVELOPMENT_TEAM = M4C4VT654R;
				INFOPLIST_FILE = MolibTests/Info.plist;
				LD_RUNPATH_SEARCH_PATHS = "$(inherited) @executable_path/../Frameworks @loader_path/../Frameworks";
				PRODUCT_BUNDLE_IDENTIFIER = uk.co.imobilize.MolibTests;
				PRODUCT_NAME = "$(TARGET_NAME)";
				SWIFT_VERSION = 3.0;
			};
			name = Release;
		};
		650BBBCB1F2F7AEA007A8B49 /* Debug */ = {
			isa = XCBuildConfiguration;
			buildSettings = {
				CODE_SIGN_IDENTITY = "";
				COMBINE_HIDPI_IMAGES = YES;
				DEFINES_MODULE = YES;
				DEVELOPMENT_TEAM = M4C4VT654R;
				DYLIB_COMPATIBILITY_VERSION = 1;
				DYLIB_CURRENT_VERSION = 1;
				DYLIB_INSTALL_NAME_BASE = "@rpath";
				FRAMEWORK_VERSION = A;
				INFOPLIST_FILE = "$(SRCROOT)/Molib/Info.plist";
				INSTALL_PATH = "$(LOCAL_LIBRARY_DIR)/Frameworks";
				LD_RUNPATH_SEARCH_PATHS = "$(inherited) @executable_path/../Frameworks @loader_path/Frameworks";
				PRODUCT_BUNDLE_IDENTIFIER = uk.co.imobilize.Molib;
				PRODUCT_NAME = Molib;
				SDKROOT = iphoneos;
				SKIP_INSTALL = YES;
				SWIFT_VERSION = 3.0;
			};
			name = Debug;
		};
		650BBBCC1F2F7AEA007A8B49 /* Release */ = {
			isa = XCBuildConfiguration;
			buildSettings = {
				CODE_SIGN_IDENTITY = "";
				COMBINE_HIDPI_IMAGES = YES;
				DEFINES_MODULE = YES;
				DEVELOPMENT_TEAM = M4C4VT654R;
				DYLIB_COMPATIBILITY_VERSION = 1;
				DYLIB_CURRENT_VERSION = 1;
				DYLIB_INSTALL_NAME_BASE = "@rpath";
				FRAMEWORK_VERSION = A;
				INFOPLIST_FILE = "$(SRCROOT)/Molib/Info.plist";
				INSTALL_PATH = "$(LOCAL_LIBRARY_DIR)/Frameworks";
				LD_RUNPATH_SEARCH_PATHS = "$(inherited) @executable_path/../Frameworks @loader_path/Frameworks";
				PRODUCT_BUNDLE_IDENTIFIER = uk.co.imobilize.Molib;
				PRODUCT_NAME = Molib;
				SDKROOT = iphoneos;
				SKIP_INSTALL = YES;
				SWIFT_VERSION = 3.0;
			};
			name = Release;
		};
/* End XCBuildConfiguration section */

/* Begin XCConfigurationList section */
		650BBAAC1F2F72DC007A8B49 /* Build configuration list for PBXProject "Molib" */ = {
			isa = XCConfigurationList;
			buildConfigurations = (
				650BBAC41F2F72DC007A8B49 /* Debug */,
				650BBAC51F2F72DC007A8B49 /* Release */,
			);
			defaultConfigurationIsVisible = 0;
			defaultConfigurationName = Release;
		};
		650BBAC91F2F72DC007A8B49 /* Build configuration list for PBXNativeTarget "MolibTests" */ = {
			isa = XCConfigurationList;
			buildConfigurations = (
				650BBACA1F2F72DC007A8B49 /* Debug */,
				650BBACB1F2F72DC007A8B49 /* Release */,
			);
			defaultConfigurationIsVisible = 0;
			defaultConfigurationName = Release;
		};
		650BBBCA1F2F7AEA007A8B49 /* Build configuration list for PBXNativeTarget "Molib_iOS" */ = {
			isa = XCConfigurationList;
			buildConfigurations = (
				650BBBCB1F2F7AEA007A8B49 /* Debug */,
				650BBBCC1F2F7AEA007A8B49 /* Release */,
			);
			defaultConfigurationIsVisible = 0;
		};
/* End XCConfigurationList section */
	};
	rootObject = 650BBAA91F2F72DC007A8B49 /* Project object */;
}
