// !$*UTF8*$!
{
	archiveVersion = 1;
	classes = {
	};
	objectVersion = 46;
	objects = {

/* Begin PBXBuildFile section */
		607FACEC1AFB9204008FA782 /* Tests.swift in Sources */ = {isa = PBXBuildFile; fileRef = 607FACEB1AFB9204008FA782 /* Tests.swift */; };
		650BBB5A1F2F73F6007A8B49 /* AppDelegate.swift in Sources */ = {isa = PBXBuildFile; fileRef = 650BBB4C1F2F73F6007A8B49 /* AppDelegate.swift */; };
		650BBB5B1F2F73F6007A8B49 /* LaunchScreen.xib in Resources */ = {isa = PBXBuildFile; fileRef = 650BBB4D1F2F73F6007A8B49 /* LaunchScreen.xib */; };
		650BBB5C1F2F73F6007A8B49 /* Main.storyboard in Resources */ = {isa = PBXBuildFile; fileRef = 650BBB4F1F2F73F6007A8B49 /* Main.storyboard */; };
		650BBB5D1F2F73F6007A8B49 /* ExampleTableViewController.swift in Sources */ = {isa = PBXBuildFile; fileRef = 650BBB511F2F73F6007A8B49 /* ExampleTableViewController.swift */; };
		650BBB5E1F2F73F6007A8B49 /* Images.xcassets in Resources */ = {isa = PBXBuildFile; fileRef = 650BBB521F2F73F6007A8B49 /* Images.xcassets */; };
		650BBB5F1F2F73F6007A8B49 /* Info.plist in Resources */ = {isa = PBXBuildFile; fileRef = 650BBB531F2F73F6007A8B49 /* Info.plist */; };
		650BBB601F2F73F6007A8B49 /* TestModel+CoreDataProperties.swift in Sources */ = {isa = PBXBuildFile; fileRef = 650BBB551F2F73F6007A8B49 /* TestModel+CoreDataProperties.swift */; };
		650BBB611F2F73F6007A8B49 /* TestModel.swift in Sources */ = {isa = PBXBuildFile; fileRef = 650BBB561F2F73F6007A8B49 /* TestModel.swift */; };
		650BBB621F2F73F6007A8B49 /* Molib.xcdatamodeld in Sources */ = {isa = PBXBuildFile; fileRef = 650BBB571F2F73F6007A8B49 /* Molib.xcdatamodeld */; };
		650BBB631F2F73F6007A8B49 /* ViewController.swift in Sources */ = {isa = PBXBuildFile; fileRef = 650BBB591F2F73F6007A8B49 /* ViewController.swift */; };
		650BBBD11F2F7EFD007A8B49 /* Molib.framework in Frameworks */ = {isa = PBXBuildFile; fileRef = 650BBBD01F2F7EFD007A8B49 /* Molib.framework */; };
		651B0F821BA72F280011E344 /* libcommonCrypto.tbd in Frameworks */ = {isa = PBXBuildFile; fileRef = 651B0F811BA72F280011E344 /* libcommonCrypto.tbd */; };
/* End PBXBuildFile section */

/* Begin PBXContainerItemProxy section */
		607FACE61AFB9204008FA782 /* PBXContainerItemProxy */ = {
			isa = PBXContainerItemProxy;
			containerPortal = 607FACC81AFB9204008FA782 /* Project object */;
			proxyType = 1;
			remoteGlobalIDString = 607FACCF1AFB9204008FA782;
			remoteInfo = Molib;
		};
/* End PBXContainerItemProxy section */

/* Begin PBXFileReference section */
		2E05635DFCC0D143C690FB42 /* LICENSE */ = {isa = PBXFileReference; includeInIndex = 1; lastKnownFileType = text; name = LICENSE; path = ../LICENSE; sourceTree = "<group>"; };
		5E4386A55CB4693715F3FBDA /* Pods-Molib_Example.release.xcconfig */ = {isa = PBXFileReference; includeInIndex = 1; lastKnownFileType = text.xcconfig; name = "Pods-Molib_Example.release.xcconfig"; path = "Pods/Target Support Files/Pods-Molib_Example/Pods-Molib_Example.release.xcconfig"; sourceTree = "<group>"; };
		607FACD01AFB9204008FA782 /* MolibExample_Example.app */ = {isa = PBXFileReference; explicitFileType = wrapper.application; includeInIndex = 0; path = MolibExample_Example.app; sourceTree = BUILT_PRODUCTS_DIR; };
		607FACE51AFB9204008FA782 /* MolibExample_Tests.xctest */ = {isa = PBXFileReference; explicitFileType = wrapper.cfbundle; includeInIndex = 0; path = MolibExample_Tests.xctest; sourceTree = BUILT_PRODUCTS_DIR; };
		607FACEA1AFB9204008FA782 /* Info.plist */ = {isa = PBXFileReference; lastKnownFileType = text.plist.xml; path = Info.plist; sourceTree = "<group>"; };
		607FACEB1AFB9204008FA782 /* Tests.swift */ = {isa = PBXFileReference; lastKnownFileType = sourcecode.swift; path = Tests.swift; sourceTree = "<group>"; };
		650BBAA61F2F71A6007A8B49 /* MolibFramework.framework */ = {isa = PBXFileReference; lastKnownFileType = wrapper.framework; name = MolibFramework.framework; path = ../build/Debug/MolibFramework.framework; sourceTree = "<group>"; };
		650BBB4C1F2F73F6007A8B49 /* AppDelegate.swift */ = {isa = PBXFileReference; fileEncoding = 4; lastKnownFileType = sourcecode.swift; path = AppDelegate.swift; sourceTree = "<group>"; };
		650BBB4E1F2F73F6007A8B49 /* Base */ = {isa = PBXFileReference; lastKnownFileType = file.xib; name = Base; path = Base.lproj/LaunchScreen.xib; sourceTree = "<group>"; };
		650BBB501F2F73F6007A8B49 /* Base */ = {isa = PBXFileReference; lastKnownFileType = file.storyboard; name = Base; path = Base.lproj/Main.storyboard; sourceTree = "<group>"; };
		650BBB511F2F73F6007A8B49 /* ExampleTableViewController.swift */ = {isa = PBXFileReference; fileEncoding = 4; lastKnownFileType = sourcecode.swift; path = ExampleTableViewController.swift; sourceTree = "<group>"; };
		650BBB521F2F73F6007A8B49 /* Images.xcassets */ = {isa = PBXFileReference; lastKnownFileType = folder.assetcatalog; path = Images.xcassets; sourceTree = "<group>"; };
		650BBB531F2F73F6007A8B49 /* Info.plist */ = {isa = PBXFileReference; fileEncoding = 4; lastKnownFileType = text.plist.xml; path = Info.plist; sourceTree = "<group>"; };
		650BBB551F2F73F6007A8B49 /* TestModel+CoreDataProperties.swift */ = {isa = PBXFileReference; fileEncoding = 4; lastKnownFileType = sourcecode.swift; path = "TestModel+CoreDataProperties.swift"; sourceTree = "<group>"; };
		650BBB561F2F73F6007A8B49 /* TestModel.swift */ = {isa = PBXFileReference; fileEncoding = 4; lastKnownFileType = sourcecode.swift; path = TestModel.swift; sourceTree = "<group>"; };
		650BBB581F2F73F6007A8B49 /* Molib.xcdatamodel */ = {isa = PBXFileReference; lastKnownFileType = wrapper.xcdatamodel; path = Molib.xcdatamodel; sourceTree = "<group>"; };
		650BBB591F2F73F6007A8B49 /* ViewController.swift */ = {isa = PBXFileReference; fileEncoding = 4; lastKnownFileType = sourcecode.swift; path = ViewController.swift; sourceTree = "<group>"; };
		650BBB641F2F740F007A8B49 /* Molib.framework */ = {isa = PBXFileReference; lastKnownFileType = wrapper.framework; name = Molib.framework; path = ../build/Debug/Molib.framework; sourceTree = "<group>"; };
		650BBBAB1F2F7815007A8B49 /* Molib-iOS.framework */ = {isa = PBXFileReference; lastKnownFileType = wrapper.framework; name = "Molib-iOS.framework"; path = "../build/Debug-iphoneos/Molib-iOS.framework"; sourceTree = "<group>"; };
		650BBBCD1F2F7B0E007A8B49 /* Molib_iOS.framework */ = {isa = PBXFileReference; lastKnownFileType = wrapper.framework; name = Molib_iOS.framework; path = "../build/Debug-iphoneos/Molib_iOS.framework"; sourceTree = "<group>"; };
		650BBBD01F2F7EFD007A8B49 /* Molib.framework */ = {isa = PBXFileReference; lastKnownFileType = wrapper.framework; name = Molib.framework; path = "../../../../../../../../../Volumes/RAMDisk/Molib-crwkhnhcpxvafnebbntivubiujcf/Build/Products/Debug-iphonesimulator/Molib.framework"; sourceTree = "<group>"; };
		651B0F811BA72F280011E344 /* libcommonCrypto.tbd */ = {isa = PBXFileReference; lastKnownFileType = "sourcecode.text-based-dylib-definition"; name = libcommonCrypto.tbd; path = usr/lib/system/libcommonCrypto.tbd; sourceTree = SDKROOT; };
		6C1756A159EEA7AA24CEE0ED /* Molib.podspec */ = {isa = PBXFileReference; includeInIndex = 1; lastKnownFileType = text; name = Molib.podspec; path = ../Molib.podspec; sourceTree = "<group>"; };
		769F0895350C72014A1D8633 /* README.md */ = {isa = PBXFileReference; includeInIndex = 1; lastKnownFileType = net.daringfireball.markdown; name = README.md; path = ../README.md; sourceTree = "<group>"; };
		CBF8B9E5A8A18AB58F85EC20 /* Pods-Molib_Example.debug.xcconfig */ = {isa = PBXFileReference; includeInIndex = 1; lastKnownFileType = text.xcconfig; name = "Pods-Molib_Example.debug.xcconfig"; path = "Pods/Target Support Files/Pods-Molib_Example/Pods-Molib_Example.debug.xcconfig"; sourceTree = "<group>"; };
		D2F8006EDADED000DDAE41A3 /* Pods-Molib_Tests.release.xcconfig */ = {isa = PBXFileReference; includeInIndex = 1; lastKnownFileType = text.xcconfig; name = "Pods-Molib_Tests.release.xcconfig"; path = "Pods/Target Support Files/Pods-Molib_Tests/Pods-Molib_Tests.release.xcconfig"; sourceTree = "<group>"; };
		E01AAAA9AE2723CF0695A798 /* Pods-Molib_Tests.debug.xcconfig */ = {isa = PBXFileReference; includeInIndex = 1; lastKnownFileType = text.xcconfig; name = "Pods-Molib_Tests.debug.xcconfig"; path = "Pods/Target Support Files/Pods-Molib_Tests/Pods-Molib_Tests.debug.xcconfig"; sourceTree = "<group>"; };
/* End PBXFileReference section */

/* Begin PBXFrameworksBuildPhase section */
		607FACCD1AFB9204008FA782 /* Frameworks */ = {
			isa = PBXFrameworksBuildPhase;
			buildActionMask = 2147483647;
			files = (
				651B0F821BA72F280011E344 /* libcommonCrypto.tbd in Frameworks */,
				650BBBD11F2F7EFD007A8B49 /* Molib.framework in Frameworks */,
			);
			runOnlyForDeploymentPostprocessing = 0;
		};
		607FACE21AFB9204008FA782 /* Frameworks */ = {
			isa = PBXFrameworksBuildPhase;
			buildActionMask = 2147483647;
			files = (
			);
			runOnlyForDeploymentPostprocessing = 0;
		};
/* End PBXFrameworksBuildPhase section */

/* Begin PBXGroup section */
		03C7578BFA167E5977E55A34 /* Pods */ = {
			isa = PBXGroup;
			children = (
				CBF8B9E5A8A18AB58F85EC20 /* Pods-Molib_Example.debug.xcconfig */,
				5E4386A55CB4693715F3FBDA /* Pods-Molib_Example.release.xcconfig */,
				E01AAAA9AE2723CF0695A798 /* Pods-Molib_Tests.debug.xcconfig */,
				D2F8006EDADED000DDAE41A3 /* Pods-Molib_Tests.release.xcconfig */,
			);
			name = Pods;
			sourceTree = "<group>";
		};
		412E712F0FED3AF74257B4AB /* Frameworks */ = {
			isa = PBXGroup;
			children = (
				650BBBD01F2F7EFD007A8B49 /* Molib.framework */,
				650BBBCD1F2F7B0E007A8B49 /* Molib_iOS.framework */,
				650BBBAB1F2F7815007A8B49 /* Molib-iOS.framework */,
				650BBB641F2F740F007A8B49 /* Molib.framework */,
				650BBAA61F2F71A6007A8B49 /* MolibFramework.framework */,
				651B0F811BA72F280011E344 /* libcommonCrypto.tbd */,
			);
			name = Frameworks;
			sourceTree = "<group>";
		};
		607FACC71AFB9204008FA782 = {
			isa = PBXGroup;
			children = (
				650BBB4B1F2F73F6007A8B49 /* MolibExample */,
				607FACF51AFB993E008FA782 /* Podspec Metadata */,
				607FACE81AFB9204008FA782 /* Tests */,
				607FACD11AFB9204008FA782 /* Products */,
				03C7578BFA167E5977E55A34 /* Pods */,
				412E712F0FED3AF74257B4AB /* Frameworks */,
			);
			sourceTree = "<group>";
		};
		607FACD11AFB9204008FA782 /* Products */ = {
			isa = PBXGroup;
			children = (
				607FACD01AFB9204008FA782 /* MolibExample_Example.app */,
				607FACE51AFB9204008FA782 /* MolibExample_Tests.xctest */,
			);
			name = Products;
			sourceTree = "<group>";
		};
		607FACE81AFB9204008FA782 /* Tests */ = {
			isa = PBXGroup;
			children = (
				607FACEB1AFB9204008FA782 /* Tests.swift */,
				607FACE91AFB9204008FA782 /* Supporting Files */,
			);
			path = Tests;
			sourceTree = "<group>";
		};
		607FACE91AFB9204008FA782 /* Supporting Files */ = {
			isa = PBXGroup;
			children = (
				607FACEA1AFB9204008FA782 /* Info.plist */,
			);
			name = "Supporting Files";
			sourceTree = "<group>";
		};
		607FACF51AFB993E008FA782 /* Podspec Metadata */ = {
			isa = PBXGroup;
			children = (
				6C1756A159EEA7AA24CEE0ED /* Molib.podspec */,
				769F0895350C72014A1D8633 /* README.md */,
				2E05635DFCC0D143C690FB42 /* LICENSE */,
			);
			name = "Podspec Metadata";
			sourceTree = "<group>";
		};
		650BBB4B1F2F73F6007A8B49 /* MolibExample */ = {
			isa = PBXGroup;
			children = (
				650BBB4C1F2F73F6007A8B49 /* AppDelegate.swift */,
				650BBB4D1F2F73F6007A8B49 /* LaunchScreen.xib */,
				650BBB4F1F2F73F6007A8B49 /* Main.storyboard */,
				650BBB511F2F73F6007A8B49 /* ExampleTableViewController.swift */,
				650BBB521F2F73F6007A8B49 /* Images.xcassets */,
				650BBB531F2F73F6007A8B49 /* Info.plist */,
				650BBB541F2F73F6007A8B49 /* Models */,
				650BBB571F2F73F6007A8B49 /* Molib.xcdatamodeld */,
				650BBB591F2F73F6007A8B49 /* ViewController.swift */,
			);
			path = MolibExample;
			sourceTree = "<group>";
		};
		650BBB541F2F73F6007A8B49 /* Models */ = {
			isa = PBXGroup;
			children = (
				650BBB551F2F73F6007A8B49 /* TestModel+CoreDataProperties.swift */,
				650BBB561F2F73F6007A8B49 /* TestModel.swift */,
			);
			path = Models;
			sourceTree = "<group>";
		};
/* End PBXGroup section */

/* Begin PBXNativeTarget section */
		607FACCF1AFB9204008FA782 /* MolibExample_Example */ = {
			isa = PBXNativeTarget;
			buildConfigurationList = 607FACEF1AFB9204008FA782 /* Build configuration list for PBXNativeTarget "MolibExample_Example" */;
			buildPhases = (
				607FACCC1AFB9204008FA782 /* Sources */,
				607FACCD1AFB9204008FA782 /* Frameworks */,
				607FACCE1AFB9204008FA782 /* Resources */,
			);
			buildRules = (
			);
			dependencies = (
			);
			name = MolibExample_Example;
			productName = Molib;
			productReference = 607FACD01AFB9204008FA782 /* MolibExample_Example.app */;
			productType = "com.apple.product-type.application";
		};
		607FACE41AFB9204008FA782 /* MolibExample_Tests */ = {
			isa = PBXNativeTarget;
			buildConfigurationList = 607FACF21AFB9204008FA782 /* Build configuration list for PBXNativeTarget "MolibExample_Tests" */;
			buildPhases = (
				DF3E4CA127096FCA1E2C5F54 /* Check Pods Manifest.lock */,
				607FACE11AFB9204008FA782 /* Sources */,
				607FACE21AFB9204008FA782 /* Frameworks */,
				607FACE31AFB9204008FA782 /* Resources */,
				1D353B0AFC1048A2A10B62C9 /* Embed Pods Frameworks */,
				F0DE193409929AB899C5B38A /* Copy Pods Resources */,
			);
			buildRules = (
			);
			dependencies = (
				607FACE71AFB9204008FA782 /* PBXTargetDependency */,
			);
			name = MolibExample_Tests;
			productName = Tests;
			productReference = 607FACE51AFB9204008FA782 /* MolibExample_Tests.xctest */;
			productType = "com.apple.product-type.bundle.unit-test";
		};
/* End PBXNativeTarget section */

/* Begin PBXProject section */
		607FACC81AFB9204008FA782 /* Project object */ = {
			isa = PBXProject;
			attributes = {
				LastSwiftMigration = 0700;
				LastSwiftUpdateCheck = 0700;
				LastUpgradeCheck = 0700;
				ORGANIZATIONNAME = CocoaPods;
				TargetAttributes = {
					607FACCF1AFB9204008FA782 = {
						CreatedOnToolsVersion = 6.3.1;
						LastSwiftMigration = 0830;
					};
					607FACE41AFB9204008FA782 = {
						CreatedOnToolsVersion = 6.3.1;
						LastSwiftMigration = 0830;
						TestTargetID = 607FACCF1AFB9204008FA782;
					};
				};
			};
			buildConfigurationList = 607FACCB1AFB9204008FA782 /* Build configuration list for PBXProject "MolibExample" */;
			compatibilityVersion = "Xcode 3.2";
			developmentRegion = English;
			hasScannedForEncodings = 0;
			knownRegions = (
				en,
				Base,
			);
			mainGroup = 607FACC71AFB9204008FA782;
			productRefGroup = 607FACD11AFB9204008FA782 /* Products */;
			projectDirPath = "";
			projectRoot = "";
			targets = (
				607FACCF1AFB9204008FA782 /* MolibExample_Example */,
				607FACE41AFB9204008FA782 /* MolibExample_Tests */,
			);
		};
/* End PBXProject section */

/* Begin PBXResourcesBuildPhase section */
		607FACCE1AFB9204008FA782 /* Resources */ = {
			isa = PBXResourcesBuildPhase;
			buildActionMask = 2147483647;
			files = (
				650BBB5B1F2F73F6007A8B49 /* LaunchScreen.xib in Resources */,
				650BBB5C1F2F73F6007A8B49 /* Main.storyboard in Resources */,
				650BBB5E1F2F73F6007A8B49 /* Images.xcassets in Resources */,
				650BBB5F1F2F73F6007A8B49 /* Info.plist in Resources */,
			);
			runOnlyForDeploymentPostprocessing = 0;
		};
		607FACE31AFB9204008FA782 /* Resources */ = {
			isa = PBXResourcesBuildPhase;
			buildActionMask = 2147483647;
			files = (
			);
			runOnlyForDeploymentPostprocessing = 0;
		};
/* End PBXResourcesBuildPhase section */

/* Begin PBXShellScriptBuildPhase section */
		1D353B0AFC1048A2A10B62C9 /* Embed Pods Frameworks */ = {
			isa = PBXShellScriptBuildPhase;
			buildActionMask = 2147483647;
			files = (
			);
			inputPaths = (
			);
			name = "Embed Pods Frameworks";
			outputPaths = (
			);
			runOnlyForDeploymentPostprocessing = 0;
			shellPath = /bin/sh;
			shellScript = "\"${SRCROOT}/Pods/Target Support Files/Pods-Molib_Tests/Pods-Molib_Tests-frameworks.sh\"\n";
			showEnvVarsInLog = 0;
		};
		DF3E4CA127096FCA1E2C5F54 /* Check Pods Manifest.lock */ = {
			isa = PBXShellScriptBuildPhase;
			buildActionMask = 2147483647;
			files = (
			);
			inputPaths = (
			);
			name = "Check Pods Manifest.lock";
			outputPaths = (
			);
			runOnlyForDeploymentPostprocessing = 0;
			shellPath = /bin/sh;
			shellScript = "diff \"${PODS_ROOT}/../Podfile.lock\" \"${PODS_ROOT}/Manifest.lock\" > /dev/null\nif [[ $? != 0 ]] ; then\n    cat << EOM\nerror: The sandbox is not in sync with the Podfile.lock. Run 'pod install' or update your CocoaPods installation.\nEOM\n    exit 1\nfi\n";
			showEnvVarsInLog = 0;
		};
		F0DE193409929AB899C5B38A /* Copy Pods Resources */ = {
			isa = PBXShellScriptBuildPhase;
			buildActionMask = 2147483647;
			files = (
			);
			inputPaths = (
			);
			name = "Copy Pods Resources";
			outputPaths = (
			);
			runOnlyForDeploymentPostprocessing = 0;
			shellPath = /bin/sh;
			shellScript = "\"${SRCROOT}/Pods/Target Support Files/Pods-Molib_Tests/Pods-Molib_Tests-resources.sh\"\n";
			showEnvVarsInLog = 0;
		};
/* End PBXShellScriptBuildPhase section */

/* Begin PBXSourcesBuildPhase section */
		607FACCC1AFB9204008FA782 /* Sources */ = {
			isa = PBXSourcesBuildPhase;
			buildActionMask = 2147483647;
			files = (
				650BBB5D1F2F73F6007A8B49 /* ExampleTableViewController.swift in Sources */,
				650BBB5A1F2F73F6007A8B49 /* AppDelegate.swift in Sources */,
				650BBB631F2F73F6007A8B49 /* ViewController.swift in Sources */,
				650BBB601F2F73F6007A8B49 /* TestModel+CoreDataProperties.swift in Sources */,
				650BBB611F2F73F6007A8B49 /* TestModel.swift in Sources */,
				650BBB621F2F73F6007A8B49 /* Molib.xcdatamodeld in Sources */,
			);
			runOnlyForDeploymentPostprocessing = 0;
		};
		607FACE11AFB9204008FA782 /* Sources */ = {
			isa = PBXSourcesBuildPhase;
			buildActionMask = 2147483647;
			files = (
				607FACEC1AFB9204008FA782 /* Tests.swift in Sources */,
			);
			runOnlyForDeploymentPostprocessing = 0;
		};
/* End PBXSourcesBuildPhase section */

/* Begin PBXTargetDependency section */
		607FACE71AFB9204008FA782 /* PBXTargetDependency */ = {
			isa = PBXTargetDependency;
			target = 607FACCF1AFB9204008FA782 /* MolibExample_Example */;
			targetProxy = 607FACE61AFB9204008FA782 /* PBXContainerItemProxy */;
		};
/* End PBXTargetDependency section */

/* Begin PBXVariantGroup section */
		650BBB4D1F2F73F6007A8B49 /* LaunchScreen.xib */ = {
			isa = PBXVariantGroup;
			children = (
				650BBB4E1F2F73F6007A8B49 /* Base */,
			);
			name = LaunchScreen.xib;
			sourceTree = "<group>";
		};
		650BBB4F1F2F73F6007A8B49 /* Main.storyboard */ = {
			isa = PBXVariantGroup;
			children = (
				650BBB501F2F73F6007A8B49 /* Base */,
			);
			name = Main.storyboard;
			sourceTree = "<group>";
		};
/* End PBXVariantGroup section */

/* Begin XCBuildConfiguration section */
		607FACED1AFB9204008FA782 /* Debug */ = {
			isa = XCBuildConfiguration;
			buildSettings = {
				ALWAYS_SEARCH_USER_PATHS = NO;
				CLANG_CXX_LANGUAGE_STANDARD = "gnu++0x";
				CLANG_CXX_LIBRARY = "libc++";
				CLANG_ENABLE_MODULES = YES;
				CLANG_ENABLE_OBJC_ARC = YES;
				CLANG_WARN_BOOL_CONVERSION = YES;
				CLANG_WARN_CONSTANT_CONVERSION = YES;
				CLANG_WARN_DIRECT_OBJC_ISA_USAGE = YES_ERROR;
				CLANG_WARN_EMPTY_BODY = YES;
				CLANG_WARN_ENUM_CONVERSION = YES;
				CLANG_WARN_INT_CONVERSION = YES;
				CLANG_WARN_OBJC_ROOT_CLASS = YES_ERROR;
				CLANG_WARN_UNREACHABLE_CODE = YES;
				CLANG_WARN__DUPLICATE_METHOD_MATCH = YES;
				"CODE_SIGN_IDENTITY[sdk=iphoneos*]" = "iPhone Developer";
				COPY_PHASE_STRIP = NO;
				DEBUG_INFORMATION_FORMAT = "dwarf-with-dsym";
				ENABLE_STRICT_OBJC_MSGSEND = YES;
				ENABLE_TESTABILITY = YES;
				GCC_C_LANGUAGE_STANDARD = gnu99;
				GCC_DYNAMIC_NO_PIC = NO;
				GCC_NO_COMMON_BLOCKS = YES;
				GCC_OPTIMIZATION_LEVEL = 0;
				GCC_PREPROCESSOR_DEFINITIONS = (
					"DEBUG=1",
					"$(inherited)",
				);
				GCC_SYMBOLS_PRIVATE_EXTERN = NO;
				GCC_WARN_64_TO_32_BIT_CONVERSION = YES;
				GCC_WARN_ABOUT_RETURN_TYPE = YES_ERROR;
				GCC_WARN_UNDECLARED_SELECTOR = YES;
				GCC_WARN_UNINITIALIZED_AUTOS = YES_AGGRESSIVE;
				GCC_WARN_UNUSED_FUNCTION = YES;
				GCC_WARN_UNUSED_VARIABLE = YES;
				IPHONEOS_DEPLOYMENT_TARGET = 8.3;
				MTL_ENABLE_DEBUG_INFO = YES;
				ONLY_ACTIVE_ARCH = YES;
				SDKROOT = iphoneos;
				SWIFT_OPTIMIZATION_LEVEL = "-Onone";
			};
			name = Debug;
		};
		607FACEE1AFB9204008FA782 /* Release */ = {
			isa = XCBuildConfiguration;
			buildSettings = {
				ALWAYS_SEARCH_USER_PATHS = NO;
				CLANG_CXX_LANGUAGE_STANDARD = "gnu++0x";
				CLANG_CXX_LIBRARY = "libc++";
				CLANG_ENABLE_MODULES = YES;
				CLANG_ENABLE_OBJC_ARC = YES;
				CLANG_WARN_BOOL_CONVERSION = YES;
				CLANG_WARN_CONSTANT_CONVERSION = YES;
				CLANG_WARN_DIRECT_OBJC_ISA_USAGE = YES_ERROR;
				CLANG_WARN_EMPTY_BODY = YES;
				CLANG_WARN_ENUM_CONVERSION = YES;
				CLANG_WARN_INT_CONVERSION = YES;
				CLANG_WARN_OBJC_ROOT_CLASS = YES_ERROR;
				CLANG_WARN_UNREACHABLE_CODE = YES;
				CLANG_WARN__DUPLICATE_METHOD_MATCH = YES;
				"CODE_SIGN_IDENTITY[sdk=iphoneos*]" = "iPhone Developer";
				COPY_PHASE_STRIP = NO;
				DEBUG_INFORMATION_FORMAT = "dwarf-with-dsym";
				ENABLE_NS_ASSERTIONS = NO;
				ENABLE_STRICT_OBJC_MSGSEND = YES;
				GCC_C_LANGUAGE_STANDARD = gnu99;
				GCC_NO_COMMON_BLOCKS = YES;
				GCC_WARN_64_TO_32_BIT_CONVERSION = YES;
				GCC_WARN_ABOUT_RETURN_TYPE = YES_ERROR;
				GCC_WARN_UNDECLARED_SELECTOR = YES;
				GCC_WARN_UNINITIALIZED_AUTOS = YES_AGGRESSIVE;
				GCC_WARN_UNUSED_FUNCTION = YES;
				GCC_WARN_UNUSED_VARIABLE = YES;
				IPHONEOS_DEPLOYMENT_TARGET = 8.3;
				MTL_ENABLE_DEBUG_INFO = NO;
				SDKROOT = iphoneos;
				VALIDATE_PRODUCT = YES;
			};
			name = Release;
		};
		607FACF01AFB9204008FA782 /* Debug */ = {
			isa = XCBuildConfiguration;
			baseConfigurationReference = CBF8B9E5A8A18AB58F85EC20 /* Pods-Molib_Example.debug.xcconfig */;
			buildSettings = {
				ASSETCATALOG_COMPILER_APPICON_NAME = AppIcon;
				CLANG_ALLOW_NON_MODULAR_INCLUDES_IN_FRAMEWORK_MODULES = YES;
				INFOPLIST_FILE = Molib/Info.plist;
				LD_RUNPATH_SEARCH_PATHS = "$(inherited) @executable_path/Frameworks";
				LIBRARY_SEARCH_PATHS = (
					"$(inherited)",
					"$(SDKROOT)/usr/lib/system",
				);
				MODULE_NAME = ExampleApp;
				PRODUCT_BUNDLE_IDENTIFIER = "org.cocoapods.demo.$(PRODUCT_NAME:rfc1034identifier)";
				PRODUCT_NAME = "$(TARGET_NAME)";
				SWIFT_VERSION = 3.0;
			};
			name = Debug;
		};
		607FACF11AFB9204008FA782 /* Release */ = {
			isa = XCBuildConfiguration;
			baseConfigurationReference = 5E4386A55CB4693715F3FBDA /* Pods-Molib_Example.release.xcconfig */;
			buildSettings = {
				ASSETCATALOG_COMPILER_APPICON_NAME = AppIcon;
				CLANG_ALLOW_NON_MODULAR_INCLUDES_IN_FRAMEWORK_MODULES = YES;
				INFOPLIST_FILE = Molib/Info.plist;
				LD_RUNPATH_SEARCH_PATHS = "$(inherited) @executable_path/Frameworks";
				LIBRARY_SEARCH_PATHS = (
					"$(inherited)",
					"$(SDKROOT)/usr/lib/system",
				);
				MODULE_NAME = ExampleApp;
				PRODUCT_BUNDLE_IDENTIFIER = "org.cocoapods.demo.$(PRODUCT_NAME:rfc1034identifier)";
				PRODUCT_NAME = "$(TARGET_NAME)";
				SWIFT_VERSION = 3.0;
			};
			name = Release;
		};
		607FACF31AFB9204008FA782 /* Debug */ = {
			isa = XCBuildConfiguration;
			baseConfigurationReference = E01AAAA9AE2723CF0695A798 /* Pods-Molib_Tests.debug.xcconfig */;
			buildSettings = {
				BUNDLE_LOADER = "$(TEST_HOST)";
				FRAMEWORK_SEARCH_PATHS = (
					"$(SDKROOT)/Developer/Library/Frameworks",
					"$(inherited)",
				);
				GCC_PREPROCESSOR_DEFINITIONS = (
					"DEBUG=1",
					"$(inherited)",
				);
				INFOPLIST_FILE = Tests/Info.plist;
				LD_RUNPATH_SEARCH_PATHS = "$(inherited) @executable_path/Frameworks @loader_path/Frameworks";
				PRODUCT_BUNDLE_IDENTIFIER = "org.cocoapods.$(PRODUCT_NAME:rfc1034identifier)";
				PRODUCT_NAME = "$(TARGET_NAME)";
				SWIFT_VERSION = 3.0;
				TEST_HOST = "$(BUILT_PRODUCTS_DIR)/MolibExample_Example.app/MolibExample_Example";
			};
			name = Debug;
		};
		607FACF41AFB9204008FA782 /* Release */ = {
			isa = XCBuildConfiguration;
			baseConfigurationReference = D2F8006EDADED000DDAE41A3 /* Pods-Molib_Tests.release.xcconfig */;
			buildSettings = {
				BUNDLE_LOADER = "$(TEST_HOST)";
				FRAMEWORK_SEARCH_PATHS = (
					"$(SDKROOT)/Developer/Library/Frameworks",
					"$(inherited)",
				);
				INFOPLIST_FILE = Tests/Info.plist;
				LD_RUNPATH_SEARCH_PATHS = "$(inherited) @executable_path/Frameworks @loader_path/Frameworks";
				PRODUCT_BUNDLE_IDENTIFIER = "org.cocoapods.$(PRODUCT_NAME:rfc1034identifier)";
				PRODUCT_NAME = "$(TARGET_NAME)";
				SWIFT_VERSION = 3.0;
				TEST_HOST = "$(BUILT_PRODUCTS_DIR)/MolibExample_Example.app/MolibExample_Example";
			};
			name = Release;
		};
/* End XCBuildConfiguration section */

/* Begin XCConfigurationList section */
		607FACCB1AFB9204008FA782 /* Build configuration list for PBXProject "MolibExample" */ = {
			isa = XCConfigurationList;
			buildConfigurations = (
				607FACED1AFB9204008FA782 /* Debug */,
				607FACEE1AFB9204008FA782 /* Release */,
			);
			defaultConfigurationIsVisible = 0;
			defaultConfigurationName = Release;
		};
		607FACEF1AFB9204008FA782 /* Build configuration list for PBXNativeTarget "MolibExample_Example" */ = {
			isa = XCConfigurationList;
			buildConfigurations = (
				607FACF01AFB9204008FA782 /* Debug */,
				607FACF11AFB9204008FA782 /* Release */,
			);
			defaultConfigurationIsVisible = 0;
			defaultConfigurationName = Release;
		};
		607FACF21AFB9204008FA782 /* Build configuration list for PBXNativeTarget "MolibExample_Tests" */ = {
			isa = XCConfigurationList;
			buildConfigurations = (
				607FACF31AFB9204008FA782 /* Debug */,
				607FACF41AFB9204008FA782 /* Release */,
			);
			defaultConfigurationIsVisible = 0;
			defaultConfigurationName = Release;
		};
/* End XCConfigurationList section */

/* Begin XCVersionGroup section */
		650BBB571F2F73F6007A8B49 /* Molib.xcdatamodeld */ = {
			isa = XCVersionGroup;
			children = (
				650BBB581F2F73F6007A8B49 /* Molib.xcdatamodel */,
			);
			currentVersion = 650BBB581F2F73F6007A8B49 /* Molib.xcdatamodel */;
			path = Molib.xcdatamodeld;
			sourceTree = "<group>";
			versionGroupType = wrapper.xcdatamodel;
		};
/* End XCVersionGroup section */
	};
	rootObject = 607FACC81AFB9204008FA782 /* Project object */;
}
